
Microsoft Visual Studio Solution File, Format Version 12.00
# Visual Studio Version 16
VisualStudioVersion = 16.0.28705.295
MinimumVisualStudioVersion = 10.0.40219.1
Project("{FAE04EC0-301F-11D3-BF4B-00C04F79EFBC}") = "FixedPoint", "FixedPoint\FixedPoint.csproj", "{1BCEB06D-96FF-471E-B5B7-954136E5D02E}"
EndProject
Project("{FAE04EC0-301F-11D3-BF4B-00C04F79EFBC}") = "api", "api\api.csproj", "{F1C83F52-BE4A-43F5-8507-8FF80BCB70D9}"
EndProject
Global
	GlobalSection(SolutionConfigurationPlatforms) = preSolution
		Debug|Any CPU = Debug|Any CPU
		Release|Any CPU = Release|Any CPU
	EndGlobalSection
	GlobalSection(ProjectConfigurationPlatforms) = postSolution
		{1BCEB06D-96FF-471E-B5B7-954136E5D02E}.Debug|Any CPU.ActiveCfg = Debug|Any CPU
		{1BCEB06D-96FF-471E-B5B7-954136E5D02E}.Debug|Any CPU.Build.0 = Debug|Any CPU
		{1BCEB06D-96FF-471E-B5B7-954136E5D02E}.Release|Any CPU.ActiveCfg = Release|Any CPU
		{1BCEB06D-96FF-471E-B5B7-954136E5D02E}.Release|Any CPU.Build.0 = Release|Any CPU
		{F1C83F52-BE4A-43F5-8507-8FF80BCB70D9}.Debug|Any CPU.ActiveCfg = Debug|Any CPU
		{F1C83F52-BE4A-43F5-8507-8FF80BCB70D9}.Debug|Any CPU.Build.0 = Debug|Any CPU
		{F1C83F52-BE4A-43F5-8507-8FF80BCB70D9}.Release|Any CPU.ActiveCfg = Release|Any CPU
		{F1C83F52-BE4A-43F5-8507-8FF80BCB70D9}.Release|Any CPU.Build.0 = Release|Any CPU
	EndGlobalSection
	GlobalSection(SolutionProperties) = preSolution
		HideSolutionNode = FALSE
	EndGlobalSection
	GlobalSection(ExtensibilityGlobals) = postSolution
		SolutionGuid = {A3533193-D338-40DF-8F63-F3E4ABE3B15A}
	EndGlobalSection
EndGlobal
